# THIS IS AN AUTOGENERATED FILE. DO NOT EDIT THIS FILE DIRECTLY.
# yarn lockfile v1


"@types/lodash.isempty@^4.4.6":
  version "4.4.6"
  resolved "https://registry.yarnpkg.com/@types/lodash.isempty/-/lodash.isempty-4.4.6.tgz#48a5576985727d9b85d59a60199d6b11ac756a3e"
  integrity sha512-AauKrFlA4z3Usog5HLGDupKzkCP7h5KXGlfAcRGUfvTmL7guVuEzDSNI6lYJ7syO7J2RE2F47179pSLr26UHIw==
  dependencies:
    "@types/lodash" "*"

"@types/lodash@*":
  version "4.14.178"
  resolved "https://registry.yarnpkg.com/@types/lodash/-/lodash-4.14.178.tgz#341f6d2247db528d4a13ddbb374bcdc80406f4f8"
  integrity sha512-0d5Wd09ItQWH1qFbEyQ7oTQ3GZrMfth5JkbN3EvTKLXcHLRDSXeLnlvlOn0wvxVIwK5o2M8JzP/OWz7T3NRsbw==

lodash.isempty@^4.4.0:
  version "4.4.0"
  resolved "https://registry.yarnpkg.com/lodash.isempty/-/lodash.isempty-4.4.0.tgz#6f86cbedd8be4ec987be9aaf33c9684db1b31e7e"
  integrity sha1-b4bL7di+TsmHvpqvM8loTbGzHn4=

mobx@^6.3.13:
  version "6.3.13"
  resolved "https://registry.yarnpkg.com/mobx/-/mobx-6.3.13.tgz#93e56a57ee72369f850cf3d6398fd36ee8ef062e"
  integrity sha512-zDDKDhYUk9QCHQUdLG+wb4Jv/nXutSLt/P8kkwHyjdbrJO4OZS6QTEsrOnrKM39puqXSrJZHdB6+yRys2NBFFA==

typescript@^4.5.5:
  version "4.5.5"
  resolved "https://registry.yarnpkg.com/typescript/-/typescript-4.5.5.tgz#d8c953832d28924a9e3d37c73d729c846c5896f3"
  integrity sha512-TCTIul70LyWe6IJWT8QSYeA54WQe8EjQFU4wY52Fasj5UKx88LNYKCgBEHcOMOrFF1rKGbD8v/xcNWVUq9SymA==
